<?xml version="1.0" encoding="utf-8"?>
<Project ToolsVersion="4.0" xmlns="http://schemas.microsoft.com/developer/msbuild/2003">
  <ItemGroup>
    <Filter Include="소스 파일">
      <UniqueIdentifier>{4FC737F1-C7A5-4376-A066-2A32D752A2FF}</UniqueIdentifier>
      <Extensions>cpp;c;cc;cxx;def;odl;idl;hpj;bat;asm;asmx</Extensions>
    </Filter>
    <Filter Include="헤더 파일">
      <UniqueIdentifier>{93995380-89BD-4b04-88EB-625FBE52EBFB}</UniqueIdentifier>
      <Extensions>h;hh;hpp;hxx;hm;inl;inc;ipp;xsd</Extensions>
    </Filter>
    <Filter Include="리소스 파일">
      <UniqueIdentifier>{67DA6AB6-F800-4c08-8B7A-83BB121AAD01}</UniqueIdentifier>
      <Extensions>rc;ico;cur;bmp;dlg;rc2;rct;bin;rgs;gif;jpg;jpeg;jpe;resx;tiff;tif;png;wav;mfcribbon-ms</Extensions>
    </Filter>
  </ItemGroup>
  <ItemGroup>
    <ClInclude Include="pch.h">
      <Filter>헤더 파일</Filter>
    </ClInclude>
    <ClInclude Include="StudyPoint2.h">
      <Filter>헤더 파일</Filter>
    </ClInclude>
    <ClInclude Include="StudyPoint3.h">
      <Filter>헤더 파일</Filter>
    </ClInclude>
    <ClInclude Include="StudySize.h">
      <Filter>헤더 파일</Filter>
    </ClInclude>
    <ClInclude Include="StudyRect.h">
      <Filter>헤더 파일</Filter>
    </ClInclude>
    <ClInclude Include="StudyVec.h">
      <Filter>헤더 파일</Filter>
    </ClInclude>
    <ClInclude Include="resource.h">
      <Filter>헤더 파일</Filter>
    </ClInclude>
    <ClInclude Include="StudyScalar.h">
      <Filter>헤더 파일</Filter>
    </ClInclude>
    <ClInclude Include="StudyRotatedRect.h">
      <Filter>헤더 파일</Filter>
    </ClInclude>
    <ClInclude Include="StudyMat.h">
      <Filter>헤더 파일</Filter>
    </ClInclude>
    <ClInclude Include="StudyMatInit.h">
      <Filter>헤더 파일</Filter>
    </ClInclude>
    <ClInclude Include="StudyMatAttr.h">
      <Filter>헤더 파일</Filter>
    </ClInclude>
    <ClInclude Include="StudyRange.h">
      <Filter>헤더 파일</Filter>
    </ClInclude>
    <ClInclude Include="StudyRangeROI.h">
      <Filter>헤더 파일</Filter>
    </ClInclude>
    <ClInclude Include="StudyMatPush.h">
      <Filter>헤더 파일</Filter>
    </ClInclude>
    <ClInclude Include="StudyMatOperator.h">
      <Filter>헤더 파일</Filter>
    </ClInclude>
    <ClInclude Include="StudyMatSaturate.h">
      <Filter>헤더 파일</Filter>
    </ClInclude>
    <ClInclude Include="StudyMatException.h">
      <Filter>헤더 파일</Filter>
    </ClInclude>
  </ItemGroup>
  <ItemGroup>
    <ClCompile Include="pch.cpp">
      <Filter>소스 파일</Filter>
    </ClCompile>
    <ClCompile Include="OpenCvStudy.cpp">
      <Filter>소스 파일</Filter>
    </ClCompile>
    <ClCompile Include="StudyPoint2.cpp">
      <Filter>소스 파일</Filter>
    </ClCompile>
    <ClCompile Include="StudyPoint3.cpp">
      <Filter>소스 파일</Filter>
    </ClCompile>
    <ClCompile Include="StudySize.cpp">
      <Filter>소스 파일</Filter>
    </ClCompile>
    <ClCompile Include="StudyRect.cpp">
      <Filter>소스 파일</Filter>
    </ClCompile>
    <ClCompile Include="StudyVec.cpp">
      <Filter>소스 파일</Filter>
    </ClCompile>
    <ClCompile Include="StudyScalar.cpp">
      <Filter>소스 파일</Filter>
    </ClCompile>
    <ClCompile Include="StudyRotatedRect.cpp">
      <Filter>소스 파일</Filter>
    </ClCompile>
    <ClCompile Include="StudyMat.cpp">
      <Filter>소스 파일</Filter>
    </ClCompile>
    <ClCompile Include="StudyMatInit.cpp">
      <Filter>소스 파일</Filter>
    </ClCompile>
    <ClCompile Include="StudyMatAttr.cpp">
      <Filter>소스 파일</Filter>
    </ClCompile>
    <ClCompile Include="StudyRange.cpp">
      <Filter>소스 파일</Filter>
    </ClCompile>
    <ClCompile Include="StudyRangeROI.cpp">
      <Filter>소스 파일</Filter>
    </ClCompile>
    <ClCompile Include="StudyMatPush.cpp">
      <Filter>소스 파일</Filter>
    </ClCompile>
    <ClCompile Include="StudyMatOperator.cpp">
      <Filter>소스 파일</Filter>
    </ClCompile>
    <ClCompile Include="StudyMatSaturate.cpp">
      <Filter>소스 파일</Filter>
    </ClCompile>
    <ClCompile Include="StudyMatException.cpp">
      <Filter>소스 파일</Filter>
    </ClCompile>
  </ItemGroup>
  <ItemGroup>
    <ResourceCompile Include="OpenCvStudy.rc">
      <Filter>리소스 파일</Filter>
    </ResourceCompile>
  </ItemGroup>
</Project>